
Microsoft Visual Studio Solution File, Format Version 12.00
# Visual Studio Version 17
VisualStudioVersion = 17.14.36301.6
MinimumVisualStudioVersion = 10.0.40219.1
Project("{FAE04EC0-301F-11D3-BF4B-00C04F79EFBC}") = "AndroidStorageUtility", "Source\AndroidStorageUtility.csproj", "{3F5C8467-8D82-4C18-8BE0-BB3DFDBAFCB9}"
EndProject
Global
	GlobalSection(SolutionConfigurationPlatforms) = preSolution
		Release|x86 = Release|x86
	EndGlobalSection
	GlobalSection(ProjectConfigurationPlatforms) = postSolution
		{3F5C8467-8D82-4C18-8BE0-BB3DFDBAFCB9}.Release|x86.ActiveCfg = Release|x86
		{3F5C8467-8D82-4C18-8BE0-BB3DFDBAFCB9}.Release|x86.Build.0 = Release|x86
	EndGlobalSection
	GlobalSection(SolutionProperties) = preSolution
		HideSolutionNode = FALSE
	EndGlobalSection
	GlobalSection(ExtensibilityGlobals) = postSolution
		SolutionGuid = {5D9F945B-C04B-4536-B0B8-910CA0434624}
	EndGlobalSection
EndGlobal
