<?xml version="1.0" encoding="utf-8"?>
<Project ToolsVersion="4.0" xmlns="http://schemas.microsoft.com/developer/msbuild/2003">
  <ItemGroup>
    <Filter Include="Source Files">
      <UniqueIdentifier>{8f804285-a927-400e-a1d1-b80a45e854b0}</UniqueIdentifier>
      <Extensions>cpp;c;cxx;rc;def;r;odl;idl;hpj;bat</Extensions>
    </Filter>
    <Filter Include="Header Files">
      <UniqueIdentifier>{40ff5398-6ebb-4c49-a36f-460c985f4d93}</UniqueIdentifier>
      <Extensions>h;hpp;hxx;hm;inl</Extensions>
    </Filter>
    <Filter Include="Resource Files">
      <UniqueIdentifier>{a97c9893-23ee-4e50-9790-a7597433e29e}</UniqueIdentifier>
      <Extensions>ico;cur;bmp;dlg;rc2;rct;bin;rgs;gif;jpg;jpeg;jpe</Extensions>
    </Filter>
  </ItemGroup>
  <ItemGroup>
    <ClCompile Include="BookmarkDlg.cpp">
      <Filter>Source Files</Filter>
    </ClCompile>
    <ClCompile Include="ColumnsPage.cpp">
      <Filter>Source Files</Filter>
    </ClCompile>
    <ClCompile Include="DatasourcePage.cpp">
      <Filter>Source Files</Filter>
    </ClCompile>
    <ClCompile Include="listvwex.cpp">
      <Filter>Source Files</Filter>
    </ClCompile>
    <ClCompile Include="MainFrm.cpp">
      <Filter>Source Files</Filter>
    </ClCompile>
    <ClCompile Include="MainToolBar.cpp">
      <Filter>Source Files</Filter>
    </ClCompile>
    <ClCompile Include="OtherTriggerPage.cpp">
      <Filter>Source Files</Filter>
    </ClCompile>
    <ClCompile Include="pmcolumn.cpp">
      <Filter>Source Files</Filter>
    </ClCompile>
    <ClCompile Include="PMHTMLView.cpp">
      <Filter>Source Files</Filter>
    </ClCompile>
    <ClCompile Include="PMListView.cpp">
      <Filter>Source Files</Filter>
    </ClCompile>
    <ClCompile Include="pmscrip.cpp">
      <Filter>Source Files</Filter>
    </ClCompile>
    <ClCompile Include="pmthreads.cpp">
      <Filter>Source Files</Filter>
    </ClCompile>
    <ClCompile Include="PortfolioDlg.cpp">
      <Filter>Source Files</Filter>
    </ClCompile>
    <ClCompile Include="RVVPM.cpp">
      <Filter>Source Files</Filter>
    </ClCompile>
    <ClCompile Include="StdAfx.cpp">
      <Filter>Source Files</Filter>
    </ClCompile>
    <ClCompile Include="SymbolTriggerPage.cpp">
      <Filter>Source Files</Filter>
    </ClCompile>
    <ClCompile Include="DatasourceImp.cpp">
      <Filter>Source Files</Filter>
    </ClCompile>
    <ClCompile Include="jsoncpp.cpp">
      <Filter>Source Files</Filter>
    </ClCompile>
    <ClCompile Include="ColoredStatusBarCtrl.cpp">
      <Filter>Source Files</Filter>
    </ClCompile>
    <ClCompile Include="handler.cc">
      <Filter>Source Files</Filter>
    </ClCompile>
    <ClCompile Include="utils.cpp">
      <Filter>Source Files</Filter>
    </ClCompile>
    <ClCompile Include="About.cpp">
      <Filter>Source Files</Filter>
    </ClCompile>
    <ClCompile Include="QMJob.cpp">
      <Filter>Source Files</Filter>
    </ClCompile>
    <ClCompile Include="IniFile.cpp">
      <Filter>Source Files</Filter>
    </ClCompile>
  </ItemGroup>
  <ItemGroup>
    <ResourceCompile Include="RVVPM.rc">
      <Filter>Source Files</Filter>
    </ResourceCompile>
  </ItemGroup>
  <ItemGroup>
    <ClInclude Include="BookmarkDlg.h">
      <Filter>Header Files</Filter>
    </ClInclude>
    <ClInclude Include="ColumnsPage.h">
      <Filter>Header Files</Filter>
    </ClInclude>
    <ClInclude Include="DatasourcePage.h">
      <Filter>Header Files</Filter>
    </ClInclude>
    <ClInclude Include="listvwex.h">
      <Filter>Header Files</Filter>
    </ClInclude>
    <ClInclude Include="Login.h">
      <Filter>Header Files</Filter>
    </ClInclude>
    <ClInclude Include="MainFrm.h">
      <Filter>Header Files</Filter>
    </ClInclude>
    <ClInclude Include="MainToolBar.h">
      <Filter>Header Files</Filter>
    </ClInclude>
    <ClInclude Include="OtherTriggerPage.h">
      <Filter>Header Files</Filter>
    </ClInclude>
    <ClInclude Include="PMHTMLView.h">
      <Filter>Header Files</Filter>
    </ClInclude>
    <ClInclude Include="PMListView.h">
      <Filter>Header Files</Filter>
    </ClInclude>
    <ClInclude Include="pmscrip.h">
      <Filter>Header Files</Filter>
    </ClInclude>
    <ClInclude Include="PortfolioDlg.h">
      <Filter>Header Files</Filter>
    </ClInclude>
    <ClInclude Include="PropSheetLdr.h">
      <Filter>Header Files</Filter>
    </ClInclude>
    <ClInclude Include="Resource.h">
      <Filter>Header Files</Filter>
    </ClInclude>
    <ClInclude Include="RVVPM.h">
      <Filter>Header Files</Filter>
    </ClInclude>
    <ClInclude Include="StdAfx.h">
      <Filter>Header Files</Filter>
    </ClInclude>
    <ClInclude Include="SymbolTriggerPage.h">
      <Filter>Header Files</Filter>
    </ClInclude>
    <ClInclude Include="Triggers.h">
      <Filter>Header Files</Filter>
    </ClInclude>
    <ClInclude Include="About.h">
      <Filter>Header Files</Filter>
    </ClInclude>
    <ClInclude Include="QMJob.h">
      <Filter>Header Files</Filter>
    </ClInclude>
    <ClInclude Include="IniFile.h">
      <Filter>Header Files</Filter>
    </ClInclude>
  </ItemGroup>
  <ItemGroup>
    <Image Include="res\Arw01up.ico">
      <Filter>Resource Files</Filter>
    </Image>
    <Image Include="res\Arw07lt.ico">
      <Filter>Resource Files</Filter>
    </Image>
    <Image Include="res\Arw07up.ico">
      <Filter>Resource Files</Filter>
    </Image>
    <Image Include="res\bmp00001.bmp">
      <Filter>Resource Files</Filter>
    </Image>
    <Image Include="res\Files03a.ico">
      <Filter>Resource Files</Filter>
    </Image>
    <Image Include="res\icon1.ico">
      <Filter>Resource Files</Filter>
    </Image>
    <Image Include="res\icon2.ico">
      <Filter>Resource Files</Filter>
    </Image>
    <Image Include="res\Misc15.ico">
      <Filter>Resource Files</Filter>
    </Image>
    <Image Include="res\Point02.ico">
      <Filter>Resource Files</Filter>
    </Image>
    <Image Include="res\Point03.ico">
      <Filter>Resource Files</Filter>
    </Image>
    <Image Include="res\Point04.ico">
      <Filter>Resource Files</Filter>
    </Image>
    <Image Include="res\Point05.ico">
      <Filter>Resource Files</Filter>
    </Image>
    <Image Include="res\profolio.bmp">
      <Filter>Resource Files</Filter>
    </Image>
    <Image Include="res\Remteacc.ico">
      <Filter>Resource Files</Filter>
    </Image>
    <Image Include="res\RVVPM.ico">
      <Filter>Resource Files</Filter>
    </Image>
    <Image Include="res\Toolbar.bmp">
      <Filter>Resource Files</Filter>
    </Image>
    <Image Include="res\toolbar1.bmp">
      <Filter>Resource Files</Filter>
    </Image>
    <Image Include="res\-.ico">
      <Filter>Resource Files</Filter>
    </Image>
    <Image Include="res\+.ico">
      <Filter>Resource Files</Filter>
    </Image>
  </ItemGroup>
  <ItemGroup>
    <None Include="res\RVVPM.rc2">
      <Filter>Resource Files</Filter>
    </None>
  </ItemGroup>
  <ItemGroup>
    <Text Include="ReadMe.txt" />
  </ItemGroup>
</Project>