
Microsoft Visual Studio Solution File, Format Version 12.00
# Visual Studio Version 17
Project("{8BC9CEB8-8B4A-11D0-8D11-00A0C91BC942}") = "ALL_BUILD", "ALL_BUILD.vcxproj", "{944318E4-5E86-3DFC-9775-6B972DA9A3E2}"
	ProjectSection(ProjectDependencies) = postProject
		{E71E4AE7-4FBA-3ACA-9FC8-7616CADB6F3C} = {E71E4AE7-4FBA-3ACA-9FC8-7616CADB6F3C}
		{EF170310-A1FB-39DA-89CB-4A8C7D21699B} = {EF170310-A1FB-39DA-89CB-4A8C7D21699B}
		{2ED8656A-8479-39E5-9777-9DCC34A10F14} = {2ED8656A-8479-39E5-9777-9DCC34A10F14}
		{4C2B2B18-9253-3963-BCFD-32C67B7B6D49} = {4C2B2B18-9253-3963-BCFD-32C67B7B6D49}
		{74AAB069-0BA6-36D7-A97D-94628F6B021B} = {74AAB069-0BA6-36D7-A97D-94628F6B021B}
		{93C188F3-1F0E-35BA-AF6A-2AC96F78F8DD} = {93C188F3-1F0E-35BA-AF6A-2AC96F78F8DD}
	EndProjectSection
EndProject
Project("{8BC9CEB8-8B4A-11D0-8D11-00A0C91BC942}") = "Continuous", "Continuous.vcxproj", "{94D367E1-ADBF-36AF-9836-0D6DE1DEC02F}"
	ProjectSection(ProjectDependencies) = postProject
		{E71E4AE7-4FBA-3ACA-9FC8-7616CADB6F3C} = {E71E4AE7-4FBA-3ACA-9FC8-7616CADB6F3C}
	EndProjectSection
EndProject
Project("{8BC9CEB8-8B4A-11D0-8D11-00A0C91BC942}") = "Experimental", "Experimental.vcxproj", "{8547C104-D8A7-3EDE-8C18-65AD9781D5B9}"
	ProjectSection(ProjectDependencies) = postProject
		{E71E4AE7-4FBA-3ACA-9FC8-7616CADB6F3C} = {E71E4AE7-4FBA-3ACA-9FC8-7616CADB6F3C}
	EndProjectSection
EndProject
Project("{8BC9CEB8-8B4A-11D0-8D11-00A0C91BC942}") = "INSTALL", "INSTALL.vcxproj", "{C5EB621C-1938-311E-90C0-3FA334E00972}"
	ProjectSection(ProjectDependencies) = postProject
		{944318E4-5E86-3DFC-9775-6B972DA9A3E2} = {944318E4-5E86-3DFC-9775-6B972DA9A3E2}
		{E71E4AE7-4FBA-3ACA-9FC8-7616CADB6F3C} = {E71E4AE7-4FBA-3ACA-9FC8-7616CADB6F3C}
	EndProjectSection
EndProject
Project("{8BC9CEB8-8B4A-11D0-8D11-00A0C91BC942}") = "Nightly", "Nightly.vcxproj", "{BCBEA7E2-5644-3CF4-A860-69337D075125}"
	ProjectSection(ProjectDependencies) = postProject
		{E71E4AE7-4FBA-3ACA-9FC8-7616CADB6F3C} = {E71E4AE7-4FBA-3ACA-9FC8-7616CADB6F3C}
	EndProjectSection
EndProject
Project("{8BC9CEB8-8B4A-11D0-8D11-00A0C91BC942}") = "NightlyMemoryCheck", "NightlyMemoryCheck.vcxproj", "{47A9E6AC-060C-33C0-9D06-E526E6EBC435}"
	ProjectSection(ProjectDependencies) = postProject
		{E71E4AE7-4FBA-3ACA-9FC8-7616CADB6F3C} = {E71E4AE7-4FBA-3ACA-9FC8-7616CADB6F3C}
	EndProjectSection
EndProject
Project("{8BC9CEB8-8B4A-11D0-8D11-00A0C91BC942}") = "RUN_TESTS", "RUN_TESTS.vcxproj", "{7D4C295E-6CDD-3C28-B81D-02F8CAFEDCF3}"
	ProjectSection(ProjectDependencies) = postProject
		{E71E4AE7-4FBA-3ACA-9FC8-7616CADB6F3C} = {E71E4AE7-4FBA-3ACA-9FC8-7616CADB6F3C}
	EndProjectSection
EndProject
Project("{8BC9CEB8-8B4A-11D0-8D11-00A0C91BC942}") = "ZERO_CHECK", "ZERO_CHECK.vcxproj", "{E71E4AE7-4FBA-3ACA-9FC8-7616CADB6F3C}"
	ProjectSection(ProjectDependencies) = postProject
	EndProjectSection
EndProject
Project("{8BC9CEB8-8B4A-11D0-8D11-00A0C91BC942}") = "jsoncpp_check", "src\jsontestrunner\jsoncpp_check.vcxproj", "{1244D3CB-A773-3343-8BEA-9770365B727A}"
	ProjectSection(ProjectDependencies) = postProject
		{E71E4AE7-4FBA-3ACA-9FC8-7616CADB6F3C} = {E71E4AE7-4FBA-3ACA-9FC8-7616CADB6F3C}
		{489AED3F-C3CA-31DC-8EE7-48E97142D3B5} = {489AED3F-C3CA-31DC-8EE7-48E97142D3B5}
	EndProjectSection
EndProject
Project("{8BC9CEB8-8B4A-11D0-8D11-00A0C91BC942}") = "jsoncpp_lib", "src\lib_json\jsoncpp_lib.vcxproj", "{EF170310-A1FB-39DA-89CB-4A8C7D21699B}"
	ProjectSection(ProjectDependencies) = postProject
		{E71E4AE7-4FBA-3ACA-9FC8-7616CADB6F3C} = {E71E4AE7-4FBA-3ACA-9FC8-7616CADB6F3C}
	EndProjectSection
EndProject
Project("{8BC9CEB8-8B4A-11D0-8D11-00A0C91BC942}") = "jsoncpp_object", "src\lib_json\jsoncpp_object.vcxproj", "{2ED8656A-8479-39E5-9777-9DCC34A10F14}"
	ProjectSection(ProjectDependencies) = postProject
		{E71E4AE7-4FBA-3ACA-9FC8-7616CADB6F3C} = {E71E4AE7-4FBA-3ACA-9FC8-7616CADB6F3C}
	EndProjectSection
EndProject
Project("{8BC9CEB8-8B4A-11D0-8D11-00A0C91BC942}") = "jsoncpp_readerwriter_tests", "src\jsontestrunner\jsoncpp_readerwriter_tests.vcxproj", "{489AED3F-C3CA-31DC-8EE7-48E97142D3B5}"
	ProjectSection(ProjectDependencies) = postProject
		{E71E4AE7-4FBA-3ACA-9FC8-7616CADB6F3C} = {E71E4AE7-4FBA-3ACA-9FC8-7616CADB6F3C}
		{74AAB069-0BA6-36D7-A97D-94628F6B021B} = {74AAB069-0BA6-36D7-A97D-94628F6B021B}
		{93C188F3-1F0E-35BA-AF6A-2AC96F78F8DD} = {93C188F3-1F0E-35BA-AF6A-2AC96F78F8DD}
	EndProjectSection
EndProject
Project("{8BC9CEB8-8B4A-11D0-8D11-00A0C91BC942}") = "jsoncpp_static", "src\lib_json\jsoncpp_static.vcxproj", "{4C2B2B18-9253-3963-BCFD-32C67B7B6D49}"
	ProjectSection(ProjectDependencies) = postProject
		{E71E4AE7-4FBA-3ACA-9FC8-7616CADB6F3C} = {E71E4AE7-4FBA-3ACA-9FC8-7616CADB6F3C}
	EndProjectSection
EndProject
Project("{8BC9CEB8-8B4A-11D0-8D11-00A0C91BC942}") = "jsoncpp_test", "src\test_lib_json\jsoncpp_test.vcxproj", "{74AAB069-0BA6-36D7-A97D-94628F6B021B}"
	ProjectSection(ProjectDependencies) = postProject
		{E71E4AE7-4FBA-3ACA-9FC8-7616CADB6F3C} = {E71E4AE7-4FBA-3ACA-9FC8-7616CADB6F3C}
		{EF170310-A1FB-39DA-89CB-4A8C7D21699B} = {EF170310-A1FB-39DA-89CB-4A8C7D21699B}
	EndProjectSection
EndProject
Project("{8BC9CEB8-8B4A-11D0-8D11-00A0C91BC942}") = "jsontestrunner_exe", "src\jsontestrunner\jsontestrunner_exe.vcxproj", "{93C188F3-1F0E-35BA-AF6A-2AC96F78F8DD}"
	ProjectSection(ProjectDependencies) = postProject
		{E71E4AE7-4FBA-3ACA-9FC8-7616CADB6F3C} = {E71E4AE7-4FBA-3ACA-9FC8-7616CADB6F3C}
		{EF170310-A1FB-39DA-89CB-4A8C7D21699B} = {EF170310-A1FB-39DA-89CB-4A8C7D21699B}
	EndProjectSection
EndProject
Global
	GlobalSection(SolutionConfigurationPlatforms) = preSolution
		Debug|Win32 = Debug|Win32
		Release|Win32 = Release|Win32
		MinSizeRel|Win32 = MinSizeRel|Win32
		RelWithDebInfo|Win32 = RelWithDebInfo|Win32
	EndGlobalSection
	GlobalSection(ProjectConfigurationPlatforms) = postSolution
		{944318E4-5E86-3DFC-9775-6B972DA9A3E2}.Debug|Win32.ActiveCfg = Debug|Win32
		{944318E4-5E86-3DFC-9775-6B972DA9A3E2}.Debug|Win32.Build.0 = Debug|Win32
		{944318E4-5E86-3DFC-9775-6B972DA9A3E2}.Release|Win32.ActiveCfg = Release|Win32
		{944318E4-5E86-3DFC-9775-6B972DA9A3E2}.Release|Win32.Build.0 = Release|Win32
		{944318E4-5E86-3DFC-9775-6B972DA9A3E2}.MinSizeRel|Win32.ActiveCfg = MinSizeRel|Win32
		{944318E4-5E86-3DFC-9775-6B972DA9A3E2}.MinSizeRel|Win32.Build.0 = MinSizeRel|Win32
		{944318E4-5E86-3DFC-9775-6B972DA9A3E2}.RelWithDebInfo|Win32.ActiveCfg = RelWithDebInfo|Win32
		{944318E4-5E86-3DFC-9775-6B972DA9A3E2}.RelWithDebInfo|Win32.Build.0 = RelWithDebInfo|Win32
		{94D367E1-ADBF-36AF-9836-0D6DE1DEC02F}.Debug|Win32.ActiveCfg = Debug|Win32
		{94D367E1-ADBF-36AF-9836-0D6DE1DEC02F}.Release|Win32.ActiveCfg = Release|Win32
		{94D367E1-ADBF-36AF-9836-0D6DE1DEC02F}.MinSizeRel|Win32.ActiveCfg = MinSizeRel|Win32
		{94D367E1-ADBF-36AF-9836-0D6DE1DEC02F}.RelWithDebInfo|Win32.ActiveCfg = RelWithDebInfo|Win32
		{8547C104-D8A7-3EDE-8C18-65AD9781D5B9}.Debug|Win32.ActiveCfg = Debug|Win32
		{8547C104-D8A7-3EDE-8C18-65AD9781D5B9}.Release|Win32.ActiveCfg = Release|Win32
		{8547C104-D8A7-3EDE-8C18-65AD9781D5B9}.MinSizeRel|Win32.ActiveCfg = MinSizeRel|Win32
		{8547C104-D8A7-3EDE-8C18-65AD9781D5B9}.RelWithDebInfo|Win32.ActiveCfg = RelWithDebInfo|Win32
		{C5EB621C-1938-311E-90C0-3FA334E00972}.Debug|Win32.ActiveCfg = Debug|Win32
		{C5EB621C-1938-311E-90C0-3FA334E00972}.Release|Win32.ActiveCfg = Release|Win32
		{C5EB621C-1938-311E-90C0-3FA334E00972}.MinSizeRel|Win32.ActiveCfg = MinSizeRel|Win32
		{C5EB621C-1938-311E-90C0-3FA334E00972}.RelWithDebInfo|Win32.ActiveCfg = RelWithDebInfo|Win32
		{BCBEA7E2-5644-3CF4-A860-69337D075125}.Debug|Win32.ActiveCfg = Debug|Win32
		{BCBEA7E2-5644-3CF4-A860-69337D075125}.Release|Win32.ActiveCfg = Release|Win32
		{BCBEA7E2-5644-3CF4-A860-69337D075125}.MinSizeRel|Win32.ActiveCfg = MinSizeRel|Win32
		{BCBEA7E2-5644-3CF4-A860-69337D075125}.RelWithDebInfo|Win32.ActiveCfg = RelWithDebInfo|Win32
		{47A9E6AC-060C-33C0-9D06-E526E6EBC435}.Debug|Win32.ActiveCfg = Debug|Win32
		{47A9E6AC-060C-33C0-9D06-E526E6EBC435}.Release|Win32.ActiveCfg = Release|Win32
		{47A9E6AC-060C-33C0-9D06-E526E6EBC435}.MinSizeRel|Win32.ActiveCfg = MinSizeRel|Win32
		{47A9E6AC-060C-33C0-9D06-E526E6EBC435}.RelWithDebInfo|Win32.ActiveCfg = RelWithDebInfo|Win32
		{7D4C295E-6CDD-3C28-B81D-02F8CAFEDCF3}.Debug|Win32.ActiveCfg = Debug|Win32
		{7D4C295E-6CDD-3C28-B81D-02F8CAFEDCF3}.Release|Win32.ActiveCfg = Release|Win32
		{7D4C295E-6CDD-3C28-B81D-02F8CAFEDCF3}.MinSizeRel|Win32.ActiveCfg = MinSizeRel|Win32
		{7D4C295E-6CDD-3C28-B81D-02F8CAFEDCF3}.RelWithDebInfo|Win32.ActiveCfg = RelWithDebInfo|Win32
		{E71E4AE7-4FBA-3ACA-9FC8-7616CADB6F3C}.Debug|Win32.ActiveCfg = Debug|Win32
		{E71E4AE7-4FBA-3ACA-9FC8-7616CADB6F3C}.Debug|Win32.Build.0 = Debug|Win32
		{E71E4AE7-4FBA-3ACA-9FC8-7616CADB6F3C}.Release|Win32.ActiveCfg = Release|Win32
		{E71E4AE7-4FBA-3ACA-9FC8-7616CADB6F3C}.Release|Win32.Build.0 = Release|Win32
		{E71E4AE7-4FBA-3ACA-9FC8-7616CADB6F3C}.MinSizeRel|Win32.ActiveCfg = MinSizeRel|Win32
		{E71E4AE7-4FBA-3ACA-9FC8-7616CADB6F3C}.MinSizeRel|Win32.Build.0 = MinSizeRel|Win32
		{E71E4AE7-4FBA-3ACA-9FC8-7616CADB6F3C}.RelWithDebInfo|Win32.ActiveCfg = RelWithDebInfo|Win32
		{E71E4AE7-4FBA-3ACA-9FC8-7616CADB6F3C}.RelWithDebInfo|Win32.Build.0 = RelWithDebInfo|Win32
		{1244D3CB-A773-3343-8BEA-9770365B727A}.Debug|Win32.ActiveCfg = Debug|Win32
		{1244D3CB-A773-3343-8BEA-9770365B727A}.Release|Win32.ActiveCfg = Release|Win32
		{1244D3CB-A773-3343-8BEA-9770365B727A}.MinSizeRel|Win32.ActiveCfg = MinSizeRel|Win32
		{1244D3CB-A773-3343-8BEA-9770365B727A}.RelWithDebInfo|Win32.ActiveCfg = RelWithDebInfo|Win32
		{EF170310-A1FB-39DA-89CB-4A8C7D21699B}.Debug|Win32.ActiveCfg = Debug|Win32
		{EF170310-A1FB-39DA-89CB-4A8C7D21699B}.Debug|Win32.Build.0 = Debug|Win32
		{EF170310-A1FB-39DA-89CB-4A8C7D21699B}.Release|Win32.ActiveCfg = Release|Win32
		{EF170310-A1FB-39DA-89CB-4A8C7D21699B}.Release|Win32.Build.0 = Release|Win32
		{EF170310-A1FB-39DA-89CB-4A8C7D21699B}.MinSizeRel|Win32.ActiveCfg = MinSizeRel|Win32
		{EF170310-A1FB-39DA-89CB-4A8C7D21699B}.MinSizeRel|Win32.Build.0 = MinSizeRel|Win32
		{EF170310-A1FB-39DA-89CB-4A8C7D21699B}.RelWithDebInfo|Win32.ActiveCfg = RelWithDebInfo|Win32
		{EF170310-A1FB-39DA-89CB-4A8C7D21699B}.RelWithDebInfo|Win32.Build.0 = RelWithDebInfo|Win32
		{2ED8656A-8479-39E5-9777-9DCC34A10F14}.Debug|Win32.ActiveCfg = Debug|Win32
		{2ED8656A-8479-39E5-9777-9DCC34A10F14}.Debug|Win32.Build.0 = Debug|Win32
		{2ED8656A-8479-39E5-9777-9DCC34A10F14}.Release|Win32.ActiveCfg = Release|Win32
		{2ED8656A-8479-39E5-9777-9DCC34A10F14}.Release|Win32.Build.0 = Release|Win32
		{2ED8656A-8479-39E5-9777-9DCC34A10F14}.MinSizeRel|Win32.ActiveCfg = MinSizeRel|Win32
		{2ED8656A-8479-39E5-9777-9DCC34A10F14}.MinSizeRel|Win32.Build.0 = MinSizeRel|Win32
		{2ED8656A-8479-39E5-9777-9DCC34A10F14}.RelWithDebInfo|Win32.ActiveCfg = RelWithDebInfo|Win32
		{2ED8656A-8479-39E5-9777-9DCC34A10F14}.RelWithDebInfo|Win32.Build.0 = RelWithDebInfo|Win32
		{489AED3F-C3CA-31DC-8EE7-48E97142D3B5}.Debug|Win32.ActiveCfg = Debug|Win32
		{489AED3F-C3CA-31DC-8EE7-48E97142D3B5}.Debug|Win32.Build.0 = Debug|Win32
		{489AED3F-C3CA-31DC-8EE7-48E97142D3B5}.Release|Win32.ActiveCfg = Release|Win32
		{489AED3F-C3CA-31DC-8EE7-48E97142D3B5}.Release|Win32.Build.0 = Release|Win32
		{489AED3F-C3CA-31DC-8EE7-48E97142D3B5}.MinSizeRel|Win32.ActiveCfg = MinSizeRel|Win32
		{489AED3F-C3CA-31DC-8EE7-48E97142D3B5}.MinSizeRel|Win32.Build.0 = MinSizeRel|Win32
		{489AED3F-C3CA-31DC-8EE7-48E97142D3B5}.RelWithDebInfo|Win32.ActiveCfg = RelWithDebInfo|Win32
		{489AED3F-C3CA-31DC-8EE7-48E97142D3B5}.RelWithDebInfo|Win32.Build.0 = RelWithDebInfo|Win32
		{4C2B2B18-9253-3963-BCFD-32C67B7B6D49}.Debug|Win32.ActiveCfg = Debug|Win32
		{4C2B2B18-9253-3963-BCFD-32C67B7B6D49}.Debug|Win32.Build.0 = Debug|Win32
		{4C2B2B18-9253-3963-BCFD-32C67B7B6D49}.Release|Win32.ActiveCfg = Release|Win32
		{4C2B2B18-9253-3963-BCFD-32C67B7B6D49}.Release|Win32.Build.0 = Release|Win32
		{4C2B2B18-9253-3963-BCFD-32C67B7B6D49}.MinSizeRel|Win32.ActiveCfg = MinSizeRel|Win32
		{4C2B2B18-9253-3963-BCFD-32C67B7B6D49}.MinSizeRel|Win32.Build.0 = MinSizeRel|Win32
		{4C2B2B18-9253-3963-BCFD-32C67B7B6D49}.RelWithDebInfo|Win32.ActiveCfg = RelWithDebInfo|Win32
		{4C2B2B18-9253-3963-BCFD-32C67B7B6D49}.RelWithDebInfo|Win32.Build.0 = RelWithDebInfo|Win32
		{74AAB069-0BA6-36D7-A97D-94628F6B021B}.Debug|Win32.ActiveCfg = Debug|Win32
		{74AAB069-0BA6-36D7-A97D-94628F6B021B}.Debug|Win32.Build.0 = Debug|Win32
		{74AAB069-0BA6-36D7-A97D-94628F6B021B}.Release|Win32.ActiveCfg = Release|Win32
		{74AAB069-0BA6-36D7-A97D-94628F6B021B}.Release|Win32.Build.0 = Release|Win32
		{74AAB069-0BA6-36D7-A97D-94628F6B021B}.MinSizeRel|Win32.ActiveCfg = MinSizeRel|Win32
		{74AAB069-0BA6-36D7-A97D-94628F6B021B}.MinSizeRel|Win32.Build.0 = MinSizeRel|Win32
		{74AAB069-0BA6-36D7-A97D-94628F6B021B}.RelWithDebInfo|Win32.ActiveCfg = RelWithDebInfo|Win32
		{74AAB069-0BA6-36D7-A97D-94628F6B021B}.RelWithDebInfo|Win32.Build.0 = RelWithDebInfo|Win32
		{93C188F3-1F0E-35BA-AF6A-2AC96F78F8DD}.Debug|Win32.ActiveCfg = Debug|Win32
		{93C188F3-1F0E-35BA-AF6A-2AC96F78F8DD}.Debug|Win32.Build.0 = Debug|Win32
		{93C188F3-1F0E-35BA-AF6A-2AC96F78F8DD}.Release|Win32.ActiveCfg = Release|Win32
		{93C188F3-1F0E-35BA-AF6A-2AC96F78F8DD}.Release|Win32.Build.0 = Release|Win32
		{93C188F3-1F0E-35BA-AF6A-2AC96F78F8DD}.MinSizeRel|Win32.ActiveCfg = MinSizeRel|Win32
		{93C188F3-1F0E-35BA-AF6A-2AC96F78F8DD}.MinSizeRel|Win32.Build.0 = MinSizeRel|Win32
		{93C188F3-1F0E-35BA-AF6A-2AC96F78F8DD}.RelWithDebInfo|Win32.ActiveCfg = RelWithDebInfo|Win32
		{93C188F3-1F0E-35BA-AF6A-2AC96F78F8DD}.RelWithDebInfo|Win32.Build.0 = RelWithDebInfo|Win32
	EndGlobalSection
	GlobalSection(ExtensibilityGlobals) = postSolution
		SolutionGuid = {22D72A86-D01D-3925-9565-EDE0F4668ABC}
	EndGlobalSection
	GlobalSection(ExtensibilityAddIns) = postSolution
	EndGlobalSection
EndGlobal
