<?xml version="1.0" encoding="utf-8"?>
<Project ToolsVersion="17.0" xmlns="http://schemas.microsoft.com/developer/msbuild/2003">
  <ItemGroup>
    <CustomBuild Include="D:\temp\json\CMakeFiles\daf7a275d92f1cf9f9137803ce00f466\RUN_TESTS_force.rule">
      <Filter>CMake Rules</Filter>
    </CustomBuild>
  </ItemGroup>
  <ItemGroup>
    <Filter Include="CMake Rules">
      <UniqueIdentifier>{B4E548D3-6186-3B69-A6E7-EE1DBD4FC5D4}</UniqueIdentifier>
    </Filter>
  </ItemGroup>
</Project>
