
Microsoft Visual Studio Solution File, Format Version 12.00
# Visual Studio Version 17
VisualStudioVersion = 17.14.36301.6
MinimumVisualStudioVersion = 10.0.40219.1
Project("{8BC9CEB8-8B4A-11D0-8D11-00A0C91BC942}") = "RVVPM", "Rvvpm\RVVPM.vcxproj", "{8247B150-D426-4F0B-AF87-76A85BCB92A4}"
	ProjectSection(ProjectDependencies) = postProject
		{0B48DBEF-A965-4738-A954-090C3E9FEB6B} = {0B48DBEF-A965-4738-A954-090C3E9FEB6B}
		{9B5B236C-DC3D-4AD1-8522-32ABB135D367} = {9B5B236C-DC3D-4AD1-8522-32ABB135D367}
		{C5C89DF3-7D44-4CBD-B220-E8C301519660} = {C5C89DF3-7D44-4CBD-B220-E8C301519660}
	EndProjectSection
EndProject
Project("{FAE04EC0-301F-11D3-BF4B-00C04F79EFBC}") = "GoogleNews", "GoogleNews\GoogleNews.csproj", "{0B48DBEF-A965-4738-A954-090C3E9FEB6B}"
	ProjectSection(ProjectDependencies) = postProject
		{C5C89DF3-7D44-4CBD-B220-E8C301519660} = {C5C89DF3-7D44-4CBD-B220-E8C301519660}
	EndProjectSection
EndProject
Project("{FAE04EC0-301F-11D3-BF4B-00C04F79EFBC}") = "YahooFinance", "YahooFinance\YahooFinance.csproj", "{9B5B236C-DC3D-4AD1-8522-32ABB135D367}"
	ProjectSection(ProjectDependencies) = postProject
		{C5C89DF3-7D44-4CBD-B220-E8C301519660} = {C5C89DF3-7D44-4CBD-B220-E8C301519660}
	EndProjectSection
EndProject
Project("{FAE04EC0-301F-11D3-BF4B-00C04F79EFBC}") = "SimpleIPC", "SimpleIPC\SimpleIPC.csproj", "{C5C89DF3-7D44-4CBD-B220-E8C301519660}"
EndProject
Project("{FAE04EC0-301F-11D3-BF4B-00C04F79EFBC}") = "CharlesSchwab", "CharlesSchwab\CharlesSchwab.csproj", "{B10CD327-C271-4F8F-8090-8228C35C9153}"
	ProjectSection(ProjectDependencies) = postProject
		{C5C89DF3-7D44-4CBD-B220-E8C301519660} = {C5C89DF3-7D44-4CBD-B220-E8C301519660}
	EndProjectSection
EndProject
Project("{FAE04EC0-301F-11D3-BF4B-00C04F79EFBC}") = "ReportsGenerator", "ReportsGen\ReportsGenerator.csproj", "{8B1747A2-C9DD-421C-8D23-168B01982F13}"
	ProjectSection(ProjectDependencies) = postProject
		{B10CD327-C271-4F8F-8090-8228C35C9153} = {B10CD327-C271-4F8F-8090-8228C35C9153}
		{C5C89DF3-7D44-4CBD-B220-E8C301519660} = {C5C89DF3-7D44-4CBD-B220-E8C301519660}
	EndProjectSection
EndProject
Global
	GlobalSection(SolutionConfigurationPlatforms) = preSolution
		Release|x86 = Release|x86
	EndGlobalSection
	GlobalSection(ProjectConfigurationPlatforms) = postSolution
		{8247B150-D426-4F0B-AF87-76A85BCB92A4}.Release|x86.ActiveCfg = Release|Win32
		{8247B150-D426-4F0B-AF87-76A85BCB92A4}.Release|x86.Build.0 = Release|Win32
		{0B48DBEF-A965-4738-A954-090C3E9FEB6B}.Release|x86.ActiveCfg = Release|x86
		{0B48DBEF-A965-4738-A954-090C3E9FEB6B}.Release|x86.Build.0 = Release|x86
		{9B5B236C-DC3D-4AD1-8522-32ABB135D367}.Release|x86.ActiveCfg = Release|x86
		{9B5B236C-DC3D-4AD1-8522-32ABB135D367}.Release|x86.Build.0 = Release|x86
		{C5C89DF3-7D44-4CBD-B220-E8C301519660}.Release|x86.ActiveCfg = Release|x86
		{C5C89DF3-7D44-4CBD-B220-E8C301519660}.Release|x86.Build.0 = Release|x86
		{B10CD327-C271-4F8F-8090-8228C35C9153}.Release|x86.ActiveCfg = Release|x86
		{B10CD327-C271-4F8F-8090-8228C35C9153}.Release|x86.Build.0 = Release|x86
		{8B1747A2-C9DD-421C-8D23-168B01982F13}.Release|x86.ActiveCfg = Release|x86
		{8B1747A2-C9DD-421C-8D23-168B01982F13}.Release|x86.Build.0 = Release|x86
	EndGlobalSection
	GlobalSection(SolutionProperties) = preSolution
		HideSolutionNode = FALSE
	EndGlobalSection
	GlobalSection(ExtensibilityGlobals) = postSolution
		SolutionGuid = {E9414FD1-60B4-4B24-8470-825A267735CB}
	EndGlobalSection
EndGlobal
