<?xml version="1.0" encoding="utf-8"?>
<Project ToolsVersion="17.0" xmlns="http://schemas.microsoft.com/developer/msbuild/2003">
  <ItemGroup>
    <ClCompile Include="D:\temp\jsoncpp-master\jsoncpp-master\src\lib_json\json_reader.cpp">
      <Filter>Source Files</Filter>
    </ClCompile>
    <ClCompile Include="D:\temp\jsoncpp-master\jsoncpp-master\src\lib_json\json_value.cpp">
      <Filter>Source Files</Filter>
    </ClCompile>
    <ClCompile Include="D:\temp\jsoncpp-master\jsoncpp-master\src\lib_json\json_writer.cpp">
      <Filter>Source Files</Filter>
    </ClCompile>
  </ItemGroup>
  <ItemGroup>
    <ClInclude Include="D:\temp\jsoncpp-master\jsoncpp-master\include\json\config.h">
      <Filter>Public API</Filter>
    </ClInclude>
    <ClInclude Include="D:\temp\jsoncpp-master\jsoncpp-master\include\json\forwards.h">
      <Filter>Public API</Filter>
    </ClInclude>
    <ClInclude Include="D:\temp\jsoncpp-master\jsoncpp-master\include\json\json_features.h">
      <Filter>Public API</Filter>
    </ClInclude>
    <ClInclude Include="D:\temp\jsoncpp-master\jsoncpp-master\include\json\value.h">
      <Filter>Public API</Filter>
    </ClInclude>
    <ClInclude Include="D:\temp\jsoncpp-master\jsoncpp-master\include\json\reader.h">
      <Filter>Public API</Filter>
    </ClInclude>
    <ClInclude Include="D:\temp\jsoncpp-master\jsoncpp-master\include\json\version.h">
      <Filter>Public API</Filter>
    </ClInclude>
    <ClInclude Include="D:\temp\jsoncpp-master\jsoncpp-master\include\json\writer.h">
      <Filter>Public API</Filter>
    </ClInclude>
    <ClInclude Include="D:\temp\jsoncpp-master\jsoncpp-master\include\json\assertions.h">
      <Filter>Public API</Filter>
    </ClInclude>
    <ClInclude Include="D:\temp\jsoncpp-master\jsoncpp-master\src\lib_json\json_tool.h">
      <Filter>Header Files</Filter>
    </ClInclude>
    <ClInclude Include="D:\temp\jsoncpp-master\jsoncpp-master\src\lib_json\json_valueiterator.inl">
      <Filter>Header Files</Filter>
    </ClInclude>
  </ItemGroup>
  <ItemGroup>
    <CustomBuild Include="D:\temp\jsoncpp-master\jsoncpp-master\src\lib_json\CMakeLists.txt" />
  </ItemGroup>
  <ItemGroup>
    <Filter Include="Header Files">
      <UniqueIdentifier>{95EF9037-06D1-3872-86F7-85CC3ADBA912}</UniqueIdentifier>
    </Filter>
    <Filter Include="Public API">
      <UniqueIdentifier>{8BE5B7A3-7A90-3024-A16B-F2BCD18BC5B0}</UniqueIdentifier>
    </Filter>
    <Filter Include="Source Files">
      <UniqueIdentifier>{7FA78F69-4BF8-379F-97A7-094EC07F5960}</UniqueIdentifier>
    </Filter>
  </ItemGroup>
</Project>
