
Microsoft Visual Studio Solution File, Format Version 12.00
# Visual Studio Version 17
VisualStudioVersion = 17.14.36301.6
MinimumVisualStudioVersion = 10.0.40219.1
Project("{FAE04EC0-301F-11D3-BF4B-00C04F79EFBC}") = "ControlDBTool", "ControlDBTool\ControlDBTool.csproj", "{F199560F-FDE9-4592-B25D-6D72BF331438}"
	ProjectSection(ProjectDependencies) = postProject
		{5257B210-234E-4112-8208-C08A4CE3F0E1} = {5257B210-234E-4112-8208-C08A4CE3F0E1}
		{498A602B-E9C6-4E39-9504-9D2DA50D4ED6} = {498A602B-E9C6-4E39-9504-9D2DA50D4ED6}
		{3549CD6F-80F8-450F-B99E-CF0A736B1F2A} = {3549CD6F-80F8-450F-B99E-CF0A736B1F2A}
		{C54DFF75-8CEC-4C05-B56E-3F08AE5E6444} = {C54DFF75-8CEC-4C05-B56E-3F08AE5E6444}
		{F52AA97E-180A-40ED-8F2B-09080171D6C7} = {F52AA97E-180A-40ED-8F2B-09080171D6C7}
	EndProjectSection
EndProject
Project("{FAE04EC0-301F-11D3-BF4B-00C04F79EFBC}") = "ControlInfo", "ControlInfo\ControlInfo.csproj", "{C54DFF75-8CEC-4C05-B56E-3F08AE5E6444}"
EndProject
Project("{FAE04EC0-301F-11D3-BF4B-00C04F79EFBC}") = "JSonSerializer", "JSonSerializer\JSonSerializer.csproj", "{498A602B-E9C6-4E39-9504-9D2DA50D4ED6}"
EndProject
Project("{FAE04EC0-301F-11D3-BF4B-00C04F79EFBC}") = "MouseKeyboardActivityMonitor", "MouseKeyboardActivityMonitor\MouseKeyboardActivityMonitor.csproj", "{F52AA97E-180A-40ED-8F2B-09080171D6C7}"
EndProject
Project("{FAE04EC0-301F-11D3-BF4B-00C04F79EFBC}") = "UIADriver", "UIADriver\UIADriver.csproj", "{5257B210-234E-4112-8208-C08A4CE3F0E1}"
	ProjectSection(ProjectDependencies) = postProject
		{498A602B-E9C6-4E39-9504-9D2DA50D4ED6} = {498A602B-E9C6-4E39-9504-9D2DA50D4ED6}
		{3549CD6F-80F8-450F-B99E-CF0A736B1F2A} = {3549CD6F-80F8-450F-B99E-CF0A736B1F2A}
		{C54DFF75-8CEC-4C05-B56E-3F08AE5E6444} = {C54DFF75-8CEC-4C05-B56E-3F08AE5E6444}
		{F52AA97E-180A-40ED-8F2B-09080171D6C7} = {F52AA97E-180A-40ED-8F2B-09080171D6C7}
	EndProjectSection
EndProject
Project("{FAE04EC0-301F-11D3-BF4B-00C04F79EFBC}") = "WindowsInput", "WindowsInput\WindowsInput.csproj", "{3549CD6F-80F8-450F-B99E-CF0A736B1F2A}"
EndProject
Global
	GlobalSection(SolutionConfigurationPlatforms) = preSolution
		Release|x86 = Release|x86
	EndGlobalSection
	GlobalSection(ProjectConfigurationPlatforms) = postSolution
		{F199560F-FDE9-4592-B25D-6D72BF331438}.Release|x86.ActiveCfg = Release|x86
		{F199560F-FDE9-4592-B25D-6D72BF331438}.Release|x86.Build.0 = Release|x86
		{C54DFF75-8CEC-4C05-B56E-3F08AE5E6444}.Release|x86.ActiveCfg = Release|x86
		{C54DFF75-8CEC-4C05-B56E-3F08AE5E6444}.Release|x86.Build.0 = Release|x86
		{498A602B-E9C6-4E39-9504-9D2DA50D4ED6}.Release|x86.ActiveCfg = Release|x86
		{498A602B-E9C6-4E39-9504-9D2DA50D4ED6}.Release|x86.Build.0 = Release|x86
		{F52AA97E-180A-40ED-8F2B-09080171D6C7}.Release|x86.ActiveCfg = Release|x86
		{F52AA97E-180A-40ED-8F2B-09080171D6C7}.Release|x86.Build.0 = Release|x86
		{5257B210-234E-4112-8208-C08A4CE3F0E1}.Release|x86.ActiveCfg = Release|x86
		{5257B210-234E-4112-8208-C08A4CE3F0E1}.Release|x86.Build.0 = Release|x86
		{3549CD6F-80F8-450F-B99E-CF0A736B1F2A}.Release|x86.ActiveCfg = Release|x86
		{3549CD6F-80F8-450F-B99E-CF0A736B1F2A}.Release|x86.Build.0 = Release|x86
	EndGlobalSection
	GlobalSection(SolutionProperties) = preSolution
		HideSolutionNode = FALSE
	EndGlobalSection
	GlobalSection(ExtensibilityGlobals) = postSolution
		SolutionGuid = {CD799024-94D9-4C62-BD18-E1DDC288E294}
	EndGlobalSection
	GlobalSection(TestCaseManagementSettings) = postSolution
		CategoryFile = IXRUIAFramework.vsmdi
	EndGlobalSection
EndGlobal
